
Microsoft Visual Studio Solution File, Format Version 12.00
# Visual Studio Version 17
VisualStudioVersion = 17.14.36603.0 d17.14
MinimumVisualStudioVersion = 10.0.40219.1
Project("{FAE04EC0-301F-11D3-BF4B-00C04F79EFBC}") = "Small-Library", "Small-Library\Small-Library.csproj", "{C9322FCE-3CB4-43ED-823B-54A625036146}"
EndProject
Global
	GlobalSection(SolutionConfigurationPlatforms) = preSolution
		Debug|Any CPU = Debug|Any CPU
		Release|Any CPU = Release|Any CPU
	EndGlobalSection
	GlobalSection(ProjectConfigurationPlatforms) = postSolution
		{C9322FCE-3CB4-43ED-823B-54A625036146}.Debug|Any CPU.ActiveCfg = Debug|Any CPU
		{C9322FCE-3CB4-43ED-823B-54A625036146}.Debug|Any CPU.Build.0 = Debug|Any CPU
		{C9322FCE-3CB4-43ED-823B-54A625036146}.Release|Any CPU.ActiveCfg = Release|Any CPU
		{C9322FCE-3CB4-43ED-823B-54A625036146}.Release|Any CPU.Build.0 = Release|Any CPU
	EndGlobalSection
	GlobalSection(SolutionProperties) = preSolution
		HideSolutionNode = FALSE
	EndGlobalSection
	GlobalSection(ExtensibilityGlobals) = postSolution
		SolutionGuid = {7D321C77-73F0-4F02-8C87-EB30CFC7B674}
	EndGlobalSection
EndGlobal
